
Microsoft Visual Studio Solution File, Format Version 12.00
# Visual Studio Version 16
VisualStudioVersion = 16.0.29519.181
MinimumVisualStudioVersion = 10.0.40219.1
Project("{FAE04EC0-301F-11D3-BF4B-00C04F79EFBC}") = "HexDump", "HexDump\HexDump.csproj", "{08E8E00A-7753-451F-BBB4-3B77C47A8D6C}"
EndProject
Project("{FAE04EC0-301F-11D3-BF4B-00C04F79EFBC}") = "HexDump.Tests", "HexDump.Tests\HexDump.Tests.csproj", "{8F8380EE-289F-4AE6-A44B-720269DFA071}"
EndProject
Global
	GlobalSection(SolutionConfigurationPlatforms) = preSolution
		Debug|Any CPU = Debug|Any CPU
		Release|Any CPU = Release|Any CPU
	EndGlobalSection
	GlobalSection(ProjectConfigurationPlatforms) = postSolution
		{08E8E00A-7753-451F-BBB4-3B77C47A8D6C}.Debug|Any CPU.ActiveCfg = Debug|Any CPU
		{08E8E00A-7753-451F-BBB4-3B77C47A8D6C}.Debug|Any CPU.Build.0 = Debug|Any CPU
		{08E8E00A-7753-451F-BBB4-3B77C47A8D6C}.Release|Any CPU.ActiveCfg = Release|Any CPU
		{08E8E00A-7753-451F-BBB4-3B77C47A8D6C}.Release|Any CPU.Build.0 = Release|Any CPU
		{8F8380EE-289F-4AE6-A44B-720269DFA071}.Debug|Any CPU.ActiveCfg = Debug|Any CPU
		{8F8380EE-289F-4AE6-A44B-720269DFA071}.Debug|Any CPU.Build.0 = Debug|Any CPU
		{8F8380EE-289F-4AE6-A44B-720269DFA071}.Release|Any CPU.ActiveCfg = Release|Any CPU
		{8F8380EE-289F-4AE6-A44B-720269DFA071}.Release|Any CPU.Build.0 = Release|Any CPU
	EndGlobalSection
	GlobalSection(SolutionProperties) = preSolution
		HideSolutionNode = FALSE
	EndGlobalSection
	GlobalSection(ExtensibilityGlobals) = postSolution
		SolutionGuid = {50D54107-806E-4F20-A729-C3A960EA72DD}
	EndGlobalSection
EndGlobal
